
Microsoft Visual Studio Solution File, Format Version 12.00
# Visual Studio 15
VisualStudioVersion = 15.0.27004.2009
MinimumVisualStudioVersion = 10.0.40219.1
Project("{FAE04EC0-301F-11D3-BF4B-00C04F79EFBC}") = "LargestAreaInMatrixInClassSolutions", "LargestAreaInMatrixInClassSolutions\LargestAreaInMatrixInClassSolutions.csproj", "{7527B570-098C-43E7-A610-BFED0029039A}"
EndProject
Global
	GlobalSection(SolutionConfigurationPlatforms) = preSolution
		Debug|Any CPU = Debug|Any CPU
		Release|Any CPU = Release|Any CPU
	EndGlobalSection
	GlobalSection(ProjectConfigurationPlatforms) = postSolution
		{7527B570-098C-43E7-A610-BFED0029039A}.Debug|Any CPU.ActiveCfg = Debug|Any CPU
		{7527B570-098C-43E7-A610-BFED0029039A}.Debug|Any CPU.Build.0 = Debug|Any CPU
		{7527B570-098C-43E7-A610-BFED0029039A}.Release|Any CPU.ActiveCfg = Release|Any CPU
		{7527B570-098C-43E7-A610-BFED0029039A}.Release|Any CPU.Build.0 = Release|Any CPU
	EndGlobalSection
	GlobalSection(SolutionProperties) = preSolution
		HideSolutionNode = FALSE
	EndGlobalSection
	GlobalSection(ExtensibilityGlobals) = postSolution
		SolutionGuid = {254BB90E-BF29-4EB2-BD3A-9D7ED0785BE9}
	EndGlobalSection
EndGlobal
