
Microsoft Visual Studio Solution File, Format Version 12.00
# Visual Studio 15
VisualStudioVersion = 15.0.27004.2009
MinimumVisualStudioVersion = 10.0.40219.1
Project("{FAE04EC0-301F-11D3-BF4B-00C04F79EFBC}") = "CokiSkoki", "CokiSkoki\CokiSkoki.csproj", "{572E4924-4CD9-40FE-8230-1782181CA564}"
EndProject
Global
	GlobalSection(SolutionConfigurationPlatforms) = preSolution
		Debug|Any CPU = Debug|Any CPU
		Release|Any CPU = Release|Any CPU
	EndGlobalSection
	GlobalSection(ProjectConfigurationPlatforms) = postSolution
		{572E4924-4CD9-40FE-8230-1782181CA564}.Debug|Any CPU.ActiveCfg = Debug|Any CPU
		{572E4924-4CD9-40FE-8230-1782181CA564}.Debug|Any CPU.Build.0 = Debug|Any CPU
		{572E4924-4CD9-40FE-8230-1782181CA564}.Release|Any CPU.ActiveCfg = Release|Any CPU
		{572E4924-4CD9-40FE-8230-1782181CA564}.Release|Any CPU.Build.0 = Release|Any CPU
	EndGlobalSection
	GlobalSection(SolutionProperties) = preSolution
		HideSolutionNode = FALSE
	EndGlobalSection
	GlobalSection(ExtensibilityGlobals) = postSolution
		SolutionGuid = {27D7692C-7C83-44FA-9566-3B42E2848AF6}
	EndGlobalSection
EndGlobal
