
Microsoft Visual Studio Solution File, Format Version 12.00
# Visual Studio 15
VisualStudioVersion = 15.0.27004.2009
MinimumVisualStudioVersion = 10.0.40219.1
Project("{FAE04EC0-301F-11D3-BF4B-00C04F79EFBC}") = "ChervenataShapchica", "ChervenataShapchica\ChervenataShapchica.csproj", "{A7E204E1-7561-4C87-AB06-F0045A670FA2}"
EndProject
Global
	GlobalSection(SolutionConfigurationPlatforms) = preSolution
		Debug|Any CPU = Debug|Any CPU
		Release|Any CPU = Release|Any CPU
	EndGlobalSection
	GlobalSection(ProjectConfigurationPlatforms) = postSolution
		{A7E204E1-7561-4C87-AB06-F0045A670FA2}.Debug|Any CPU.ActiveCfg = Debug|Any CPU
		{A7E204E1-7561-4C87-AB06-F0045A670FA2}.Debug|Any CPU.Build.0 = Debug|Any CPU
		{A7E204E1-7561-4C87-AB06-F0045A670FA2}.Release|Any CPU.ActiveCfg = Release|Any CPU
		{A7E204E1-7561-4C87-AB06-F0045A670FA2}.Release|Any CPU.Build.0 = Release|Any CPU
	EndGlobalSection
	GlobalSection(SolutionProperties) = preSolution
		HideSolutionNode = FALSE
	EndGlobalSection
	GlobalSection(ExtensibilityGlobals) = postSolution
		SolutionGuid = {CE7FB430-0781-4615-BFB4-16CDCCB28D49}
	EndGlobalSection
EndGlobal
