
Microsoft Visual Studio Solution File, Format Version 12.00
# Visual Studio 15
VisualStudioVersion = 15.0.27004.2009
MinimumVisualStudioVersion = 10.0.40219.1
Project("{FAE04EC0-301F-11D3-BF4B-00C04F79EFBC}") = "Linear2(stack)", "Linear2(stack)\Linear2(stack).csproj", "{55939BF7-9C17-41F0-80FC-E79181FCF990}"
EndProject
Global
	GlobalSection(SolutionConfigurationPlatforms) = preSolution
		Debug|Any CPU = Debug|Any CPU
		Release|Any CPU = Release|Any CPU
	EndGlobalSection
	GlobalSection(ProjectConfigurationPlatforms) = postSolution
		{55939BF7-9C17-41F0-80FC-E79181FCF990}.Debug|Any CPU.ActiveCfg = Debug|Any CPU
		{55939BF7-9C17-41F0-80FC-E79181FCF990}.Debug|Any CPU.Build.0 = Debug|Any CPU
		{55939BF7-9C17-41F0-80FC-E79181FCF990}.Release|Any CPU.ActiveCfg = Release|Any CPU
		{55939BF7-9C17-41F0-80FC-E79181FCF990}.Release|Any CPU.Build.0 = Release|Any CPU
	EndGlobalSection
	GlobalSection(SolutionProperties) = preSolution
		HideSolutionNode = FALSE
	EndGlobalSection
	GlobalSection(ExtensibilityGlobals) = postSolution
		SolutionGuid = {C2C5D581-5998-4468-BCC7-FBD74607D856}
	EndGlobalSection
EndGlobal
