
Microsoft Visual Studio Solution File, Format Version 12.00
# Visual Studio 15
VisualStudioVersion = 15.0.27004.2009
MinimumVisualStudioVersion = 10.0.40219.1
Project("{FAE04EC0-301F-11D3-BF4B-00C04F79EFBC}") = "MessagesInBottle", "MessagesInBottle\MessagesInBottle.csproj", "{4D38BCCB-4AE3-4462-A2B0-59E5DD9D17B5}"
EndProject
Global
	GlobalSection(SolutionConfigurationPlatforms) = preSolution
		Debug|Any CPU = Debug|Any CPU
		Release|Any CPU = Release|Any CPU
	EndGlobalSection
	GlobalSection(ProjectConfigurationPlatforms) = postSolution
		{4D38BCCB-4AE3-4462-A2B0-59E5DD9D17B5}.Debug|Any CPU.ActiveCfg = Debug|Any CPU
		{4D38BCCB-4AE3-4462-A2B0-59E5DD9D17B5}.Debug|Any CPU.Build.0 = Debug|Any CPU
		{4D38BCCB-4AE3-4462-A2B0-59E5DD9D17B5}.Release|Any CPU.ActiveCfg = Release|Any CPU
		{4D38BCCB-4AE3-4462-A2B0-59E5DD9D17B5}.Release|Any CPU.Build.0 = Release|Any CPU
	EndGlobalSection
	GlobalSection(SolutionProperties) = preSolution
		HideSolutionNode = FALSE
	EndGlobalSection
	GlobalSection(ExtensibilityGlobals) = postSolution
		SolutionGuid = {5D6AD59B-7947-4753-8D54-2D53AF974B0A}
	EndGlobalSection
EndGlobal
