
Microsoft Visual Studio Solution File, Format Version 12.00
# Visual Studio 15
VisualStudioVersion = 15.0.27004.2009
MinimumVisualStudioVersion = 10.0.40219.1
Project("{FAE04EC0-301F-11D3-BF4B-00C04F79EFBC}") = "Linear5", "Linear5\Linear5.csproj", "{132C396E-B150-4025-AD69-652A5E26B975}"
EndProject
Global
	GlobalSection(SolutionConfigurationPlatforms) = preSolution
		Debug|Any CPU = Debug|Any CPU
		Release|Any CPU = Release|Any CPU
	EndGlobalSection
	GlobalSection(ProjectConfigurationPlatforms) = postSolution
		{132C396E-B150-4025-AD69-652A5E26B975}.Debug|Any CPU.ActiveCfg = Debug|Any CPU
		{132C396E-B150-4025-AD69-652A5E26B975}.Debug|Any CPU.Build.0 = Debug|Any CPU
		{132C396E-B150-4025-AD69-652A5E26B975}.Release|Any CPU.ActiveCfg = Release|Any CPU
		{132C396E-B150-4025-AD69-652A5E26B975}.Release|Any CPU.Build.0 = Release|Any CPU
	EndGlobalSection
	GlobalSection(SolutionProperties) = preSolution
		HideSolutionNode = FALSE
	EndGlobalSection
	GlobalSection(ExtensibilityGlobals) = postSolution
		SolutionGuid = {6B30130D-FD7C-4C87-98C7-3ABDF8EBAFAE}
	EndGlobalSection
EndGlobal
