
Microsoft Visual Studio Solution File, Format Version 12.00
# Visual Studio 15
VisualStudioVersion = 15.0.27004.2009
MinimumVisualStudioVersion = 10.0.40219.1
Project("{FAE04EC0-301F-11D3-BF4B-00C04F79EFBC}") = "RecursionWithStringsCombinations", "RecursionWithStringsCombinations\RecursionWithStringsCombinations.csproj", "{68B1BE7A-B0D0-404A-A500-8AC2924A0994}"
EndProject
Global
	GlobalSection(SolutionConfigurationPlatforms) = preSolution
		Debug|Any CPU = Debug|Any CPU
		Release|Any CPU = Release|Any CPU
	EndGlobalSection
	GlobalSection(ProjectConfigurationPlatforms) = postSolution
		{68B1BE7A-B0D0-404A-A500-8AC2924A0994}.Debug|Any CPU.ActiveCfg = Debug|Any CPU
		{68B1BE7A-B0D0-404A-A500-8AC2924A0994}.Debug|Any CPU.Build.0 = Debug|Any CPU
		{68B1BE7A-B0D0-404A-A500-8AC2924A0994}.Release|Any CPU.ActiveCfg = Release|Any CPU
		{68B1BE7A-B0D0-404A-A500-8AC2924A0994}.Release|Any CPU.Build.0 = Release|Any CPU
	EndGlobalSection
	GlobalSection(SolutionProperties) = preSolution
		HideSolutionNode = FALSE
	EndGlobalSection
	GlobalSection(ExtensibilityGlobals) = postSolution
		SolutionGuid = {D9F9CA07-DDC0-4A82-8624-AA94AA566F25}
	EndGlobalSection
EndGlobal
