
Microsoft Visual Studio Solution File, Format Version 12.00
# Visual Studio 15
VisualStudioVersion = 15.0.27004.2009
MinimumVisualStudioVersion = 10.0.40219.1
Project("{FAE04EC0-301F-11D3-BF4B-00C04F79EFBC}") = "ReversedString", "ReversedString\ReversedString.csproj", "{7205D85D-0239-4C2F-82C3-46D924AC6064}"
EndProject
Global
	GlobalSection(SolutionConfigurationPlatforms) = preSolution
		Debug|Any CPU = Debug|Any CPU
		Release|Any CPU = Release|Any CPU
	EndGlobalSection
	GlobalSection(ProjectConfigurationPlatforms) = postSolution
		{7205D85D-0239-4C2F-82C3-46D924AC6064}.Debug|Any CPU.ActiveCfg = Debug|Any CPU
		{7205D85D-0239-4C2F-82C3-46D924AC6064}.Debug|Any CPU.Build.0 = Debug|Any CPU
		{7205D85D-0239-4C2F-82C3-46D924AC6064}.Release|Any CPU.ActiveCfg = Release|Any CPU
		{7205D85D-0239-4C2F-82C3-46D924AC6064}.Release|Any CPU.Build.0 = Release|Any CPU
	EndGlobalSection
	GlobalSection(SolutionProperties) = preSolution
		HideSolutionNode = FALSE
	EndGlobalSection
	GlobalSection(ExtensibilityGlobals) = postSolution
		SolutionGuid = {48390A72-E747-41A6-96FB-64D493A82F41}
	EndGlobalSection
EndGlobal
