
Microsoft Visual Studio Solution File, Format Version 12.00
# Visual Studio 15
VisualStudioVersion = 15.0.27004.2009
MinimumVisualStudioVersion = 10.0.40219.1
Project("{FAE04EC0-301F-11D3-BF4B-00C04F79EFBC}") = "LinkedListImplement", "LinkedListImplement\LinkedListImplement.csproj", "{27897174-1DCE-4DED-823E-1E587738947F}"
EndProject
Global
	GlobalSection(SolutionConfigurationPlatforms) = preSolution
		Debug|Any CPU = Debug|Any CPU
		Release|Any CPU = Release|Any CPU
	EndGlobalSection
	GlobalSection(ProjectConfigurationPlatforms) = postSolution
		{27897174-1DCE-4DED-823E-1E587738947F}.Debug|Any CPU.ActiveCfg = Debug|Any CPU
		{27897174-1DCE-4DED-823E-1E587738947F}.Debug|Any CPU.Build.0 = Debug|Any CPU
		{27897174-1DCE-4DED-823E-1E587738947F}.Release|Any CPU.ActiveCfg = Release|Any CPU
		{27897174-1DCE-4DED-823E-1E587738947F}.Release|Any CPU.Build.0 = Release|Any CPU
	EndGlobalSection
	GlobalSection(SolutionProperties) = preSolution
		HideSolutionNode = FALSE
	EndGlobalSection
	GlobalSection(ExtensibilityGlobals) = postSolution
		SolutionGuid = {0986EAAE-B4FD-463A-AFE7-319E046BBA19}
	EndGlobalSection
EndGlobal
