
Microsoft Visual Studio Solution File, Format Version 12.00
# Visual Studio 15
VisualStudioVersion = 15.0.27004.2009
MinimumVisualStudioVersion = 10.0.40219.1
Project("{FAE04EC0-301F-11D3-BF4B-00C04F79EFBC}") = "DB_DEMO_DATA", "DB_DEMO_DATA.csproj", "{7695A3FE-E6BD-41C4-93D9-C2212BA4067D}"
EndProject
Project("{FAE04EC0-301F-11D3-BF4B-00C04F79EFBC}") = "ClassLibrary1", "..\ClassLibrary1\ClassLibrary1.csproj", "{29057DF7-31DC-4701-86E4-907E768B9901}"
EndProject
Global
	GlobalSection(SolutionConfigurationPlatforms) = preSolution
		Debug|Any CPU = Debug|Any CPU
		Release|Any CPU = Release|Any CPU
	EndGlobalSection
	GlobalSection(ProjectConfigurationPlatforms) = postSolution
		{7695A3FE-E6BD-41C4-93D9-C2212BA4067D}.Debug|Any CPU.ActiveCfg = Debug|Any CPU
		{7695A3FE-E6BD-41C4-93D9-C2212BA4067D}.Debug|Any CPU.Build.0 = Debug|Any CPU
		{7695A3FE-E6BD-41C4-93D9-C2212BA4067D}.Release|Any CPU.ActiveCfg = Release|Any CPU
		{7695A3FE-E6BD-41C4-93D9-C2212BA4067D}.Release|Any CPU.Build.0 = Release|Any CPU
		{29057DF7-31DC-4701-86E4-907E768B9901}.Debug|Any CPU.ActiveCfg = Debug|Any CPU
		{29057DF7-31DC-4701-86E4-907E768B9901}.Debug|Any CPU.Build.0 = Debug|Any CPU
		{29057DF7-31DC-4701-86E4-907E768B9901}.Release|Any CPU.ActiveCfg = Release|Any CPU
		{29057DF7-31DC-4701-86E4-907E768B9901}.Release|Any CPU.Build.0 = Release|Any CPU
	EndGlobalSection
	GlobalSection(SolutionProperties) = preSolution
		HideSolutionNode = FALSE
	EndGlobalSection
	GlobalSection(ExtensibilityGlobals) = postSolution
		SolutionGuid = {66FC5810-F2C3-412A-92E7-B5FC4A77DE97}
	EndGlobalSection
EndGlobal
