
Microsoft Visual Studio Solution File, Format Version 12.00
# Visual Studio 15
VisualStudioVersion = 15.0.27004.2009
MinimumVisualStudioVersion = 10.0.40219.1
Project("{FAE04EC0-301F-11D3-BF4B-00C04F79EFBC}") = "DB_DEMO_Client", "DB_DEMO_Client\DB_DEMO_Client.csproj", "{6270912C-F561-42B1-8613-3D3749746F7D}"
EndProject
Global
	GlobalSection(SolutionConfigurationPlatforms) = preSolution
		Debug|Any CPU = Debug|Any CPU
		Release|Any CPU = Release|Any CPU
	EndGlobalSection
	GlobalSection(ProjectConfigurationPlatforms) = postSolution
		{6270912C-F561-42B1-8613-3D3749746F7D}.Debug|Any CPU.ActiveCfg = Debug|Any CPU
		{6270912C-F561-42B1-8613-3D3749746F7D}.Debug|Any CPU.Build.0 = Debug|Any CPU
		{6270912C-F561-42B1-8613-3D3749746F7D}.Release|Any CPU.ActiveCfg = Release|Any CPU
		{6270912C-F561-42B1-8613-3D3749746F7D}.Release|Any CPU.Build.0 = Release|Any CPU
	EndGlobalSection
	GlobalSection(SolutionProperties) = preSolution
		HideSolutionNode = FALSE
	EndGlobalSection
	GlobalSection(ExtensibilityGlobals) = postSolution
		SolutionGuid = {EBA9618C-B34B-42EA-84E6-23897EEF64FE}
	EndGlobalSection
EndGlobal
