
Microsoft Visual Studio Solution File, Format Version 12.00
# Visual Studio 15
VisualStudioVersion = 15.0.27004.2009
MinimumVisualStudioVersion = 10.0.40219.1
Project("{FAE04EC0-301F-11D3-BF4B-00C04F79EFBC}") = "SeriesOfLetters", "SeriesOfLetters\SeriesOfLetters.csproj", "{E0AC4904-8EE8-4FFD-9892-785F8FEC5B4F}"
EndProject
Global
	GlobalSection(SolutionConfigurationPlatforms) = preSolution
		Debug|Any CPU = Debug|Any CPU
		Release|Any CPU = Release|Any CPU
	EndGlobalSection
	GlobalSection(ProjectConfigurationPlatforms) = postSolution
		{E0AC4904-8EE8-4FFD-9892-785F8FEC5B4F}.Debug|Any CPU.ActiveCfg = Debug|Any CPU
		{E0AC4904-8EE8-4FFD-9892-785F8FEC5B4F}.Debug|Any CPU.Build.0 = Debug|Any CPU
		{E0AC4904-8EE8-4FFD-9892-785F8FEC5B4F}.Release|Any CPU.ActiveCfg = Release|Any CPU
		{E0AC4904-8EE8-4FFD-9892-785F8FEC5B4F}.Release|Any CPU.Build.0 = Release|Any CPU
	EndGlobalSection
	GlobalSection(SolutionProperties) = preSolution
		HideSolutionNode = FALSE
	EndGlobalSection
	GlobalSection(ExtensibilityGlobals) = postSolution
		SolutionGuid = {9816FFDC-910A-40E6-9BA7-CB6DB21A2234}
	EndGlobalSection
EndGlobal
