
Microsoft Visual Studio Solution File, Format Version 12.00
# Visual Studio 15
VisualStudioVersion = 15.0.27004.2009
MinimumVisualStudioVersion = 10.0.40219.1
Project("{FAE04EC0-301F-11D3-BF4B-00C04F79EFBC}") = "SocialNetwork.Data", "WorkShop_Data\SocialNetwork.Data.csproj", "{B2AF6F48-F160-4550-8E1D-C37A52A3C0CC}"
EndProject
Project("{FAE04EC0-301F-11D3-BF4B-00C04F79EFBC}") = "SocialNetwork.Client", "SocialNetwork.Client\SocialNetwork.Client.csproj", "{14F6F5B9-D768-4453-A61F-0741D7C87DBB}"
EndProject
Project("{FAE04EC0-301F-11D3-BF4B-00C04F79EFBC}") = "SocialNetwork.Models", "SocialNetwork.Models\SocialNetwork.Models.csproj", "{260EA83A-96EC-4EFC-AB5E-D2742976E903}"
EndProject
Global
	GlobalSection(SolutionConfigurationPlatforms) = preSolution
		Debug|Any CPU = Debug|Any CPU
		Release|Any CPU = Release|Any CPU
	EndGlobalSection
	GlobalSection(ProjectConfigurationPlatforms) = postSolution
		{B2AF6F48-F160-4550-8E1D-C37A52A3C0CC}.Debug|Any CPU.ActiveCfg = Debug|Any CPU
		{B2AF6F48-F160-4550-8E1D-C37A52A3C0CC}.Debug|Any CPU.Build.0 = Debug|Any CPU
		{B2AF6F48-F160-4550-8E1D-C37A52A3C0CC}.Release|Any CPU.ActiveCfg = Release|Any CPU
		{B2AF6F48-F160-4550-8E1D-C37A52A3C0CC}.Release|Any CPU.Build.0 = Release|Any CPU
		{14F6F5B9-D768-4453-A61F-0741D7C87DBB}.Debug|Any CPU.ActiveCfg = Debug|Any CPU
		{14F6F5B9-D768-4453-A61F-0741D7C87DBB}.Debug|Any CPU.Build.0 = Debug|Any CPU
		{14F6F5B9-D768-4453-A61F-0741D7C87DBB}.Release|Any CPU.ActiveCfg = Release|Any CPU
		{14F6F5B9-D768-4453-A61F-0741D7C87DBB}.Release|Any CPU.Build.0 = Release|Any CPU
		{260EA83A-96EC-4EFC-AB5E-D2742976E903}.Debug|Any CPU.ActiveCfg = Debug|Any CPU
		{260EA83A-96EC-4EFC-AB5E-D2742976E903}.Debug|Any CPU.Build.0 = Debug|Any CPU
		{260EA83A-96EC-4EFC-AB5E-D2742976E903}.Release|Any CPU.ActiveCfg = Release|Any CPU
		{260EA83A-96EC-4EFC-AB5E-D2742976E903}.Release|Any CPU.Build.0 = Release|Any CPU
	EndGlobalSection
	GlobalSection(SolutionProperties) = preSolution
		HideSolutionNode = FALSE
	EndGlobalSection
	GlobalSection(ExtensibilityGlobals) = postSolution
		SolutionGuid = {BEB5476E-E4A9-4F41-B6B1-F5618FF229ED}
	EndGlobalSection
EndGlobal
