
Microsoft Visual Studio Solution File, Format Version 12.00
# Visual Studio 15
VisualStudioVersion = 15.0.27004.2009
MinimumVisualStudioVersion = 10.0.40219.1
Project("{FAE04EC0-301F-11D3-BF4B-00C04F79EFBC}") = "OnlyDuplicatesNestedLoopsAlgorithm", "OnlyDuplicatesNestedLoopsAlgorithm\OnlyDuplicatesNestedLoopsAlgorithm.csproj", "{B2293268-D7A2-442D-A12D-7726FFD59664}"
EndProject
Global
	GlobalSection(SolutionConfigurationPlatforms) = preSolution
		Debug|Any CPU = Debug|Any CPU
		Release|Any CPU = Release|Any CPU
	EndGlobalSection
	GlobalSection(ProjectConfigurationPlatforms) = postSolution
		{B2293268-D7A2-442D-A12D-7726FFD59664}.Debug|Any CPU.ActiveCfg = Debug|Any CPU
		{B2293268-D7A2-442D-A12D-7726FFD59664}.Debug|Any CPU.Build.0 = Debug|Any CPU
		{B2293268-D7A2-442D-A12D-7726FFD59664}.Release|Any CPU.ActiveCfg = Release|Any CPU
		{B2293268-D7A2-442D-A12D-7726FFD59664}.Release|Any CPU.Build.0 = Release|Any CPU
	EndGlobalSection
	GlobalSection(SolutionProperties) = preSolution
		HideSolutionNode = FALSE
	EndGlobalSection
	GlobalSection(ExtensibilityGlobals) = postSolution
		SolutionGuid = {9A4FC4A8-DE50-4B07-BAD4-F36F33763828}
	EndGlobalSection
EndGlobal
