
Microsoft Visual Studio Solution File, Format Version 12.00
# Visual Studio 15
VisualStudioVersion = 15.0.27004.2009
MinimumVisualStudioVersion = 10.0.40219.1
Project("{FAE04EC0-301F-11D3-BF4B-00C04F79EFBC}") = "UnitsOfWork", "UnitsOfWork\UnitsOfWork.csproj", "{50EF483A-79C8-4AAB-AE17-33A55436CB59}"
EndProject
Global
	GlobalSection(SolutionConfigurationPlatforms) = preSolution
		Debug|Any CPU = Debug|Any CPU
		Release|Any CPU = Release|Any CPU
	EndGlobalSection
	GlobalSection(ProjectConfigurationPlatforms) = postSolution
		{50EF483A-79C8-4AAB-AE17-33A55436CB59}.Debug|Any CPU.ActiveCfg = Debug|Any CPU
		{50EF483A-79C8-4AAB-AE17-33A55436CB59}.Debug|Any CPU.Build.0 = Debug|Any CPU
		{50EF483A-79C8-4AAB-AE17-33A55436CB59}.Release|Any CPU.ActiveCfg = Release|Any CPU
		{50EF483A-79C8-4AAB-AE17-33A55436CB59}.Release|Any CPU.Build.0 = Release|Any CPU
	EndGlobalSection
	GlobalSection(SolutionProperties) = preSolution
		HideSolutionNode = FALSE
	EndGlobalSection
	GlobalSection(ExtensibilityGlobals) = postSolution
		SolutionGuid = {4B45D678-6ECF-4DAA-A3FD-1D190604E9C2}
	EndGlobalSection
EndGlobal
