
Microsoft Visual Studio Solution File, Format Version 12.00
# Visual Studio 15
VisualStudioVersion = 15.0.27004.2009
MinimumVisualStudioVersion = 10.0.40219.1
Project("{FAE04EC0-301F-11D3-BF4B-00C04F79EFBC}") = "DIvisibleNubmers", "DIvisibleNubmers\DIvisibleNubmers.csproj", "{CD177FB0-0024-4D34-A832-53582012806B}"
EndProject
Global
	GlobalSection(SolutionConfigurationPlatforms) = preSolution
		Debug|Any CPU = Debug|Any CPU
		Release|Any CPU = Release|Any CPU
	EndGlobalSection
	GlobalSection(ProjectConfigurationPlatforms) = postSolution
		{CD177FB0-0024-4D34-A832-53582012806B}.Debug|Any CPU.ActiveCfg = Debug|Any CPU
		{CD177FB0-0024-4D34-A832-53582012806B}.Debug|Any CPU.Build.0 = Debug|Any CPU
		{CD177FB0-0024-4D34-A832-53582012806B}.Release|Any CPU.ActiveCfg = Release|Any CPU
		{CD177FB0-0024-4D34-A832-53582012806B}.Release|Any CPU.Build.0 = Release|Any CPU
	EndGlobalSection
	GlobalSection(SolutionProperties) = preSolution
		HideSolutionNode = FALSE
	EndGlobalSection
	GlobalSection(ExtensibilityGlobals) = postSolution
		SolutionGuid = {CD742843-5BC3-4186-819E-56DC829FA084}
	EndGlobalSection
EndGlobal
